
Microsoft Visual Studio Solution File, Format Version 12.00
# Visual Studio Version 17
VisualStudioVersion = 17.4.33205.214
MinimumVisualStudioVersion = 10.0.40219.1
Project("{FAE04EC0-301F-11D3-BF4B-00C04F79EFBC}") = "eTicket", "eTicket\eTicket.csproj", "{50B49AD8-F623-465B-89D8-9125CD686776}"
EndProject
Global
	GlobalSection(SolutionConfigurationPlatforms) = preSolution
		Debug|Any CPU = Debug|Any CPU
		Release|Any CPU = Release|Any CPU
	EndGlobalSection
	GlobalSection(ProjectConfigurationPlatforms) = postSolution
		{50B49AD8-F623-465B-89D8-9125CD686776}.Debug|Any CPU.ActiveCfg = Debug|Any CPU
		{50B49AD8-F623-465B-89D8-9125CD686776}.Debug|Any CPU.Build.0 = Debug|Any CPU
		{50B49AD8-F623-465B-89D8-9125CD686776}.Release|Any CPU.ActiveCfg = Release|Any CPU
		{50B49AD8-F623-465B-89D8-9125CD686776}.Release|Any CPU.Build.0 = Release|Any CPU
	EndGlobalSection
	GlobalSection(SolutionProperties) = preSolution
		HideSolutionNode = FALSE
	EndGlobalSection
	GlobalSection(ExtensibilityGlobals) = postSolution
		SolutionGuid = {582F2026-C365-400F-A2E5-5CAB664CF8DE}
	EndGlobalSection
EndGlobal
